
Microsoft Visual Studio Solution File, Format Version 12.00
# Visual Studio 15
VisualStudioVersion = 15.0.27004.2002
MinimumVisualStudioVersion = 10.0.40219.1
Project("{FAE04EC0-301F-11D3-BF4B-00C04F79EFBC}") = "PigLatinTransletor", "PigLatinTransletor\PigLatinTransletor.csproj", "{486AFE6B-548F-401C-AC6B-6A6D6DF9E9AA}"
EndProject
Project("{FAE04EC0-301F-11D3-BF4B-00C04F79EFBC}") = "UnitTest", "UnitTest\UnitTest.csproj", "{2765EB60-F239-467A-90A0-FEC10B6F17EB}"
EndProject
Global
	GlobalSection(SolutionConfigurationPlatforms) = preSolution
		Debug|Any CPU = Debug|Any CPU
		Release|Any CPU = Release|Any CPU
	EndGlobalSection
	GlobalSection(ProjectConfigurationPlatforms) = postSolution
		{486AFE6B-548F-401C-AC6B-6A6D6DF9E9AA}.Debug|Any CPU.ActiveCfg = Debug|Any CPU
		{486AFE6B-548F-401C-AC6B-6A6D6DF9E9AA}.Debug|Any CPU.Build.0 = Debug|Any CPU
		{486AFE6B-548F-401C-AC6B-6A6D6DF9E9AA}.Release|Any CPU.ActiveCfg = Release|Any CPU
		{486AFE6B-548F-401C-AC6B-6A6D6DF9E9AA}.Release|Any CPU.Build.0 = Release|Any CPU
		{2765EB60-F239-467A-90A0-FEC10B6F17EB}.Debug|Any CPU.ActiveCfg = Debug|Any CPU
		{2765EB60-F239-467A-90A0-FEC10B6F17EB}.Debug|Any CPU.Build.0 = Debug|Any CPU
		{2765EB60-F239-467A-90A0-FEC10B6F17EB}.Release|Any CPU.ActiveCfg = Release|Any CPU
		{2765EB60-F239-467A-90A0-FEC10B6F17EB}.Release|Any CPU.Build.0 = Release|Any CPU
	EndGlobalSection
	GlobalSection(SolutionProperties) = preSolution
		HideSolutionNode = FALSE
	EndGlobalSection
	GlobalSection(ExtensibilityGlobals) = postSolution
		SolutionGuid = {1388DB17-2950-4D9E-A648-5B89407AB13F}
	EndGlobalSection
EndGlobal
